<?xml version="1.0" encoding="utf-8"?>
<Project ToolsVersion="4.0" xmlns="http://schemas.microsoft.com/developer/msbuild/2003">
  <ItemGroup>
    <Filter Include="Source Files">
      <UniqueIdentifier>{4FC737F1-C7A5-4376-A066-2A32D752A2FF}</UniqueIdentifier>
      <Extensions>cpp;c;cc;cxx;def;odl;idl;hpj;bat;asm;asmx</Extensions>
    </Filter>
    <Filter Include="Source Files\oscpack">
      <UniqueIdentifier>{4a9d8f66-d162-4fd8-a74a-8d67d648ebc5}</UniqueIdentifier>
    </Filter>
    <Filter Include="Source Files\TUIO">
      <UniqueIdentifier>{ee6d6df2-1ef4-4dcf-a27a-c4355b4e8cbe}</UniqueIdentifier>
    </Filter>
    <Filter Include="Header Files">
      <UniqueIdentifier>{93995380-89BD-4b04-88EB-625FBE52EBFB}</UniqueIdentifier>
      <Extensions>h;hpp;hxx;hm;inl;inc;xsd</Extensions>
    </Filter>
    <Filter Include="Header Files\oscpack">
      <UniqueIdentifier>{264df986-0a03-47af-83fa-231acc6373a4}</UniqueIdentifier>
    </Filter>
    <Filter Include="Header Files\TUIO">
      <UniqueIdentifier>{e224dea0-b2a2-4b4b-9cf4-58e4db6e7756}</UniqueIdentifier>
    </Filter>
  </ItemGroup>
  <ItemGroup>
    <ClCompile Include="..\oscpack\ip\win32\NetworkingUtils.cpp">
      <Filter>Source Files</Filter>
    </ClCompile>
    <ClCompile Include="..\oscpack\osc\OscOutboundPacketStream.cpp">
      <Filter>Source Files</Filter>
    </ClCompile>
    <ClCompile Include="..\oscpack\osc\OscPrintReceivedElements.cpp">
      <Filter>Source Files</Filter>
    </ClCompile>
    <ClCompile Include="..\oscpack\osc\OscReceivedElements.cpp">
      <Filter>Source Files</Filter>
    </ClCompile>
    <ClCompile Include="..\oscpack\osc\OscTypes.cpp">
      <Filter>Source Files</Filter>
    </ClCompile>
    <ClCompile Include="..\oscpack\ip\win32\UdpSocket.cpp">
      <Filter>Source Files</Filter>
    </ClCompile>
    <ClCompile Include="..\TUIO\FlashSender.cpp">
      <Filter>Source Files</Filter>
    </ClCompile>
    <ClCompile Include="..\TUIO\OneEuroFilter.cpp">
      <Filter>Source Files</Filter>
    </ClCompile>
    <ClCompile Include="..\TUIO\OscReceiver.cpp">
      <Filter>Source Files</Filter>
    </ClCompile>
    <ClCompile Include="..\TUIO\TcpReceiver.cpp">
      <Filter>Source Files</Filter>
    </ClCompile>
    <ClCompile Include="..\TUIO\TcpSender.cpp">
      <Filter>Source Files</Filter>
    </ClCompile>
    <ClCompile Include="..\TUIO\TuioBlob.cpp">
      <Filter>Source Files</Filter>
    </ClCompile>
    <ClCompile Include="..\TUIO\TuioClient.cpp">
      <Filter>Source Files</Filter>
    </ClCompile>
    <ClCompile Include="..\TUIO\TuioContainer.cpp">
      <Filter>Source Files</Filter>
    </ClCompile>
    <ClCompile Include="..\TUIO\TuioCursor.cpp">
      <Filter>Source Files</Filter>
    </ClCompile>
    <ClCompile Include="..\TUIO\TuioDispatcher.cpp">
      <Filter>Source Files</Filter>
    </ClCompile>
    <ClCompile Include="..\TUIO\TuioManager.cpp">
      <Filter>Source Files</Filter>
    </ClCompile>
    <ClCompile Include="..\TUIO\TuioObject.cpp">
      <Filter>Source Files</Filter>
    </ClCompile>
    <ClCompile Include="..\TUIO\TuioPoint.cpp">
      <Filter>Source Files</Filter>
    </ClCompile>
    <ClCompile Include="..\TUIO\TuioServer.cpp">
      <Filter>Source Files</Filter>
    </ClCompile>
    <ClCompile Include="..\TUIO\TuioTime.cpp">
      <Filter>Source Files</Filter>
    </ClCompile>
    <ClCompile Include="..\TUIO\UdpReceiver.cpp">
      <Filter>Source Files</Filter>
    </ClCompile>
    <ClCompile Include="..\TUIO\UdpSender.cpp">
      <Filter>Source Files</Filter>
    </ClCompile>
    <ClCompile Include="..\TUIO\WebSockSender.cpp">
      <Filter>Source Files</Filter>
    </ClCompile>
  </ItemGroup>
  <ItemGroup>
    <ClInclude Include="..\oscpack\ip\NetworkingUtils.h">
      <Filter>Header Files</Filter>
    </ClInclude>
    <ClInclude Include="..\oscpack\osc\OscException.h">
      <Filter>Header Files</Filter>
    </ClInclude>
    <ClInclude Include="..\oscpack\osc\OscHostEndianness.h">
      <Filter>Header Files</Filter>
    </ClInclude>
    <ClInclude Include="..\oscpack\osc\OscOutboundPacketStream.h">
      <Filter>Header Files</Filter>
    </ClInclude>
    <ClInclude Include="..\oscpack\osc\OscPacketListener.h">
      <Filter>Header Files</Filter>
    </ClInclude>
    <ClInclude Include="..\oscpack\osc\OscTypes.h">
      <Filter>Header Files</Filter>
    </ClInclude>
    <ClInclude Include="..\oscpack\ip\PacketListener.h">
      <Filter>Header Files</Filter>
    </ClInclude>
    <ClInclude Include="..\oscpack\ip\TimerListener.h">
      <Filter>Header Files</Filter>
    </ClInclude>
    <ClInclude Include="..\oscpack\ip\UdpSocket.h">
      <Filter>Header Files</Filter>
    </ClInclude>
    <ClInclude Include="..\TUIO\FlashSender.h">
      <Filter>Header Files</Filter>
    </ClInclude>
    <ClInclude Include="..\TUIO\LibExport.h">
      <Filter>Header Files</Filter>
    </ClInclude>
    <ClInclude Include="..\TUIO\OneEuroFilter.h">
      <Filter>Header Files</Filter>
    </ClInclude>
    <ClInclude Include="..\TUIO\OscReceiver.h">
      <Filter>Header Files</Filter>
    </ClInclude>
    <ClInclude Include="..\TUIO\OscSender.h">
      <Filter>Header Files</Filter>
    </ClInclude>
    <ClInclude Include="..\TUIO\TcpReceiver.h">
      <Filter>Header Files</Filter>
    </ClInclude>
    <ClInclude Include="..\TUIO\TcpSender.h">
      <Filter>Header Files</Filter>
    </ClInclude>
    <ClInclude Include="..\TUIO\TuioBlob.h">
      <Filter>Header Files</Filter>
    </ClInclude>
    <ClInclude Include="..\TUIO\TuioClient.h">
      <Filter>Header Files</Filter>
    </ClInclude>
    <ClInclude Include="..\TUIO\TuioContainer.h">
      <Filter>Header Files</Filter>
    </ClInclude>
    <ClInclude Include="..\TUIO\TuioCursor.h">
      <Filter>Header Files</Filter>
    </ClInclude>
    <ClInclude Include="..\TUIO\TuioDispatcher.h">
      <Filter>Header Files</Filter>
    </ClInclude>
    <ClInclude Include="..\TUIO\TuioListener.h">
      <Filter>Header Files</Filter>
    </ClInclude>
    <ClInclude Include="..\TUIO\TuioManager.h">
      <Filter>Header Files</Filter>
    </ClInclude>
    <ClInclude Include="..\TUIO\TuioObject.h">
      <Filter>Header Files</Filter>
    </ClInclude>
    <ClInclude Include="..\TUIO\TuioPoint.h">
      <Filter>Header Files</Filter>
    </ClInclude>
    <ClInclude Include="..\TUIO\TuioServer.h">
      <Filter>Header Files</Filter>
    </ClInclude>
    <ClInclude Include="..\TUIO\TuioTime.h">
      <Filter>Header Files</Filter>
    </ClInclude>
    <ClInclude Include="..\TUIO\UdpReceiver.h">
      <Filter>Header Files</Filter>
    </ClInclude>
    <ClInclude Include="..\TUIO\UdpSender.h">
      <Filter>Header Files</Filter>
    </ClInclude>
    <ClInclude Include="..\TUIO\WebSockSender.h">
      <Filter>Header Files</Filter>
    </ClInclude>
  </ItemGroup>
</Project>