// !$*UTF8*$!
{
	archiveVersion = 1;
	classes = {
	};
	objectVersion = 46;
	objects = {

/* Begin PBXBuildFile section */
		8D11072F0486CEB800E47090 /* Cocoa.framework in Frameworks */ = {isa = PBXBuildFile; fileRef = 1058C7A1FEA54F0111CA2CBB /* Cocoa.framework */; };
		B20EE4360C340D5B00026AC5 /* UdpSocket.cpp in Sources */ = {isa = PBXBuildFile; fileRef = B20EE41A0C340D5B00026AC5 /* UdpSocket.cpp */; };
		B20EE43F0C340D5B00026AC5 /* OscOutboundPacketStream.cpp in Sources */ = {isa = PBXBuildFile; fileRef = B20EE4250C340D5B00026AC5 /* OscOutboundPacketStream.cpp */; };
		B20EE4460C340D5B00026AC5 /* OscTypes.cpp in Sources */ = {isa = PBXBuildFile; fileRef = B20EE42C0C340D5B00026AC5 /* OscTypes.cpp */; };
		B20EE47F0C340E0300026AC5 /* OpenGL.framework in Frameworks */ = {isa = PBXBuildFile; fileRef = B20EE47E0C340E0300026AC5 /* OpenGL.framework */; };
		B20EE4830C340E1100026AC5 /* GLUT.framework in Frameworks */ = {isa = PBXBuildFile; fileRef = B20EE4820C340E1100026AC5 /* GLUT.framework */; };
		B21244F81C909CDC00B43572 /* OneEuroFilter.cpp in Sources */ = {isa = PBXBuildFile; fileRef = B21244F61C909CDC00B43572 /* OneEuroFilter.cpp */; };
		B218B50C0FECFE5400BDAC0D /* InfoPlist.strings in Resources */ = {isa = PBXBuildFile; fileRef = B218B50A0FECFE5400BDAC0D /* InfoPlist.strings */; };
		B22B018E0F51EC4C00AE753B /* SimpleSimulator.cpp in Sources */ = {isa = PBXBuildFile; fileRef = B22B018C0F51EC4C00AE753B /* SimpleSimulator.cpp */; };
		B24F879E103294930092373A /* UdpSender.cpp in Sources */ = {isa = PBXBuildFile; fileRef = B24F879D103294930092373A /* UdpSender.cpp */; };
		B24F886D1032AC2A0092373A /* TcpSender.cpp in Sources */ = {isa = PBXBuildFile; fileRef = B24F886B1032AC2A0092373A /* TcpSender.cpp */; };
		B24F88841032AF8E0092373A /* FlashSender.cpp in Sources */ = {isa = PBXBuildFile; fileRef = B24F88821032AF8E0092373A /* FlashSender.cpp */; };
		B259ECF80FECED5D008401C9 /* TuioDispatcher.cpp in Sources */ = {isa = PBXBuildFile; fileRef = B259ECF60FECED5D008401C9 /* TuioDispatcher.cpp */; };
		B259ECFB0FECED6B008401C9 /* TuioManager.cpp in Sources */ = {isa = PBXBuildFile; fileRef = B259ECF90FECED6B008401C9 /* TuioManager.cpp */; };
		B26718DA1A7FDBBD00F5272B /* WebSockSender.cpp in Sources */ = {isa = PBXBuildFile; fileRef = B26718D81A7FDBBD00F5272B /* WebSockSender.cpp */; };
		B277CA460F51BCD900D84853 /* TuioServer.cpp in Sources */ = {isa = PBXBuildFile; fileRef = B277CA420F51BCD900D84853 /* TuioServer.cpp */; };
		B277CA470F51BCD900D84853 /* TuioTime.cpp in Sources */ = {isa = PBXBuildFile; fileRef = B277CA440F51BCD900D84853 /* TuioTime.cpp */; };
		B2A40EF60F23C8AD00B25A81 /* NetworkingUtils.cpp in Sources */ = {isa = PBXBuildFile; fileRef = B2A40EF50F23C8AD00B25A81 /* NetworkingUtils.cpp */; };
		B2B2FE171CF9CB5C00CD8506 /* SDL2.framework in Frameworks */ = {isa = PBXBuildFile; fileRef = B2B2FE161CF9CB5C00CD8506 /* SDL2.framework */; };
		B2B850891074BFAE00B921E3 /* TuioBlob.cpp in Sources */ = {isa = PBXBuildFile; fileRef = B2B850881074BFAE00B921E3 /* TuioBlob.cpp */; };
		B2B8508C1074BFD100B921E3 /* TuioContainer.cpp in Sources */ = {isa = PBXBuildFile; fileRef = B2B8508A1074BFD100B921E3 /* TuioContainer.cpp */; };
		B2B8508D1074BFD100B921E3 /* TuioCursor.cpp in Sources */ = {isa = PBXBuildFile; fileRef = B2B8508B1074BFD100B921E3 /* TuioCursor.cpp */; };
		B2B850901074BFF000B921E3 /* TuioObject.cpp in Sources */ = {isa = PBXBuildFile; fileRef = B2B8508E1074BFF000B921E3 /* TuioObject.cpp */; };
		B2B850911074BFF000B921E3 /* TuioPoint.cpp in Sources */ = {isa = PBXBuildFile; fileRef = B2B8508F1074BFF000B921E3 /* TuioPoint.cpp */; };
		B2C2B8B2109067FB00262014 /* TUIO.icns in Resources */ = {isa = PBXBuildFile; fileRef = B2C2B8B1109067FB00262014 /* TUIO.icns */; };
/* End PBXBuildFile section */

/* Begin PBXCopyFilesBuildPhase section */
		002F39FD09D0883400EBEB88 /* Copy Frameworks into .app bundle */ = {
			isa = PBXCopyFilesBuildPhase;
			buildActionMask = 2147483647;
			dstPath = "";
			dstSubfolderSpec = 10;
			files = (
			);
			name = "Copy Frameworks into .app bundle";
			runOnlyForDeploymentPostprocessing = 0;
		};
/* End PBXCopyFilesBuildPhase section */

/* Begin PBXFileReference section */
		1058C7A1FEA54F0111CA2CBB /* Cocoa.framework */ = {isa = PBXFileReference; lastKnownFileType = wrapper.framework; name = Cocoa.framework; path = /System/Library/Frameworks/Cocoa.framework; sourceTree = "<absolute>"; };
		29B97324FDCFA39411CA2CEA /* AppKit.framework */ = {isa = PBXFileReference; lastKnownFileType = wrapper.framework; name = AppKit.framework; path = /System/Library/Frameworks/AppKit.framework; sourceTree = "<absolute>"; };
		29B97325FDCFA39411CA2CEA /* Foundation.framework */ = {isa = PBXFileReference; lastKnownFileType = wrapper.framework; name = Foundation.framework; path = /System/Library/Frameworks/Foundation.framework; sourceTree = "<absolute>"; };
		8D1107310486CEB800E47090 /* SimpleSimulator.plist */ = {isa = PBXFileReference; fileEncoding = 4; lastKnownFileType = text.plist.xml; path = SimpleSimulator.plist; sourceTree = "<group>"; };
		8D1107320486CEB800E47090 /* SimpleSimulator.app */ = {isa = PBXFileReference; explicitFileType = wrapper.application; includeInIndex = 0; path = SimpleSimulator.app; sourceTree = BUILT_PRODUCTS_DIR; };
		B20EE4160C340D5B00026AC5 /* NetworkingUtils.h */ = {isa = PBXFileReference; fileEncoding = 30; lastKnownFileType = sourcecode.c.h; name = NetworkingUtils.h; path = ../oscpack/ip/NetworkingUtils.h; sourceTree = SOURCE_ROOT; };
		B20EE4170C340D5B00026AC5 /* PacketListener.h */ = {isa = PBXFileReference; fileEncoding = 30; lastKnownFileType = sourcecode.c.h; name = PacketListener.h; path = ../oscpack/ip/PacketListener.h; sourceTree = SOURCE_ROOT; };
		B20EE41A0C340D5B00026AC5 /* UdpSocket.cpp */ = {isa = PBXFileReference; fileEncoding = 30; lastKnownFileType = sourcecode.cpp.cpp; name = UdpSocket.cpp; path = ../oscpack/ip/posix/UdpSocket.cpp; sourceTree = SOURCE_ROOT; };
		B20EE41B0C340D5B00026AC5 /* TimerListener.h */ = {isa = PBXFileReference; fileEncoding = 30; lastKnownFileType = sourcecode.c.h; name = TimerListener.h; path = ../oscpack/ip/TimerListener.h; sourceTree = SOURCE_ROOT; };
		B20EE41C0C340D5B00026AC5 /* UdpSocket.h */ = {isa = PBXFileReference; fileEncoding = 30; lastKnownFileType = sourcecode.c.h; name = UdpSocket.h; path = ../oscpack/ip/UdpSocket.h; sourceTree = SOURCE_ROOT; };
		B20EE4220C340D5B00026AC5 /* MessageMappingOscPacketListener.h */ = {isa = PBXFileReference; fileEncoding = 30; lastKnownFileType = sourcecode.c.h; name = MessageMappingOscPacketListener.h; path = ../oscpack/osc/MessageMappingOscPacketListener.h; sourceTree = SOURCE_ROOT; };
		B20EE4230C340D5B00026AC5 /* OscException.h */ = {isa = PBXFileReference; fileEncoding = 30; lastKnownFileType = sourcecode.c.h; name = OscException.h; path = ../oscpack/osc/OscException.h; sourceTree = SOURCE_ROOT; };
		B20EE4240C340D5B00026AC5 /* OscHostEndianness.h */ = {isa = PBXFileReference; fileEncoding = 30; lastKnownFileType = sourcecode.c.h; name = OscHostEndianness.h; path = ../oscpack/osc/OscHostEndianness.h; sourceTree = SOURCE_ROOT; };
		B20EE4250C340D5B00026AC5 /* OscOutboundPacketStream.cpp */ = {isa = PBXFileReference; fileEncoding = 30; lastKnownFileType = sourcecode.cpp.cpp; name = OscOutboundPacketStream.cpp; path = ../oscpack/osc/OscOutboundPacketStream.cpp; sourceTree = SOURCE_ROOT; };
		B20EE4260C340D5B00026AC5 /* OscOutboundPacketStream.h */ = {isa = PBXFileReference; fileEncoding = 30; lastKnownFileType = sourcecode.c.h; name = OscOutboundPacketStream.h; path = ../oscpack/osc/OscOutboundPacketStream.h; sourceTree = SOURCE_ROOT; };
		B20EE4270C340D5B00026AC5 /* OscPacketListener.h */ = {isa = PBXFileReference; fileEncoding = 30; lastKnownFileType = sourcecode.c.h; name = OscPacketListener.h; path = ../oscpack/osc/OscPacketListener.h; sourceTree = SOURCE_ROOT; };
		B20EE42C0C340D5B00026AC5 /* OscTypes.cpp */ = {isa = PBXFileReference; fileEncoding = 30; lastKnownFileType = sourcecode.cpp.cpp; name = OscTypes.cpp; path = ../oscpack/osc/OscTypes.cpp; sourceTree = SOURCE_ROOT; };
		B20EE42D0C340D5B00026AC5 /* OscTypes.h */ = {isa = PBXFileReference; fileEncoding = 30; lastKnownFileType = sourcecode.c.h; name = OscTypes.h; path = ../oscpack/osc/OscTypes.h; sourceTree = SOURCE_ROOT; };
		B20EE47E0C340E0300026AC5 /* OpenGL.framework */ = {isa = PBXFileReference; lastKnownFileType = wrapper.framework; name = OpenGL.framework; path = /System/Library/Frameworks/OpenGL.framework; sourceTree = "<absolute>"; };
		B20EE4820C340E1100026AC5 /* GLUT.framework */ = {isa = PBXFileReference; lastKnownFileType = wrapper.framework; name = GLUT.framework; path = /System/Library/Frameworks/GLUT.framework; sourceTree = "<absolute>"; };
		B21244F61C909CDC00B43572 /* OneEuroFilter.cpp */ = {isa = PBXFileReference; fileEncoding = 4; lastKnownFileType = sourcecode.cpp.cpp; path = OneEuroFilter.cpp; sourceTree = "<group>"; };
		B21244F71C909CDC00B43572 /* OneEuroFilter.h */ = {isa = PBXFileReference; fileEncoding = 4; lastKnownFileType = sourcecode.c.h; path = OneEuroFilter.h; sourceTree = "<group>"; };
		B218B50B0FECFE5400BDAC0D /* English */ = {isa = PBXFileReference; fileEncoding = 4; lastKnownFileType = text.plist.strings; name = English; path = InfoPlist.strings; sourceTree = "<group>"; };
		B22B018C0F51EC4C00AE753B /* SimpleSimulator.cpp */ = {isa = PBXFileReference; fileEncoding = 4; lastKnownFileType = sourcecode.cpp.cpp; name = SimpleSimulator.cpp; path = ../SimpleSimulator.cpp; sourceTree = SOURCE_ROOT; };
		B22B018D0F51EC4C00AE753B /* SimpleSimulator.h */ = {isa = PBXFileReference; fileEncoding = 4; lastKnownFileType = sourcecode.c.h; name = SimpleSimulator.h; path = ../SimpleSimulator.h; sourceTree = SOURCE_ROOT; };
		B24F8782103291E60092373A /* OscSender.h */ = {isa = PBXFileReference; fileEncoding = 4; lastKnownFileType = sourcecode.c.h; name = OscSender.h; path = ../TUIO/OscSender.h; sourceTree = SOURCE_ROOT; };
		B24F879B103294290092373A /* UdpSender.h */ = {isa = PBXFileReference; fileEncoding = 4; lastKnownFileType = sourcecode.c.h; name = UdpSender.h; path = ../TUIO/UdpSender.h; sourceTree = SOURCE_ROOT; };
		B24F879D103294930092373A /* UdpSender.cpp */ = {isa = PBXFileReference; fileEncoding = 4; lastKnownFileType = sourcecode.cpp.cpp; name = UdpSender.cpp; path = ../TUIO/UdpSender.cpp; sourceTree = SOURCE_ROOT; };
		B24F886B1032AC2A0092373A /* TcpSender.cpp */ = {isa = PBXFileReference; fileEncoding = 4; lastKnownFileType = sourcecode.cpp.cpp; name = TcpSender.cpp; path = ../TUIO/TcpSender.cpp; sourceTree = SOURCE_ROOT; };
		B24F886C1032AC2A0092373A /* TcpSender.h */ = {isa = PBXFileReference; fileEncoding = 4; lastKnownFileType = sourcecode.c.h; name = TcpSender.h; path = ../TUIO/TcpSender.h; sourceTree = SOURCE_ROOT; };
		B24F88821032AF8E0092373A /* FlashSender.cpp */ = {isa = PBXFileReference; fileEncoding = 4; lastKnownFileType = sourcecode.cpp.cpp; name = FlashSender.cpp; path = ../TUIO/FlashSender.cpp; sourceTree = SOURCE_ROOT; };
		B24F88831032AF8E0092373A /* FlashSender.h */ = {isa = PBXFileReference; fileEncoding = 4; lastKnownFileType = sourcecode.c.h; name = FlashSender.h; path = ../TUIO/FlashSender.h; sourceTree = SOURCE_ROOT; };
		B259ECF50FECED4F008401C9 /* TuioBlob.h */ = {isa = PBXFileReference; fileEncoding = 4; lastKnownFileType = sourcecode.c.h; name = TuioBlob.h; path = ../TUIO/TuioBlob.h; sourceTree = SOURCE_ROOT; };
		B259ECF60FECED5D008401C9 /* TuioDispatcher.cpp */ = {isa = PBXFileReference; fileEncoding = 4; lastKnownFileType = sourcecode.cpp.cpp; name = TuioDispatcher.cpp; path = ../TUIO/TuioDispatcher.cpp; sourceTree = SOURCE_ROOT; };
		B259ECF70FECED5D008401C9 /* TuioDispatcher.h */ = {isa = PBXFileReference; fileEncoding = 4; lastKnownFileType = sourcecode.c.h; name = TuioDispatcher.h; path = ../TUIO/TuioDispatcher.h; sourceTree = SOURCE_ROOT; };
		B259ECF90FECED6B008401C9 /* TuioManager.cpp */ = {isa = PBXFileReference; fileEncoding = 4; lastKnownFileType = sourcecode.cpp.cpp; name = TuioManager.cpp; path = ../TUIO/TuioManager.cpp; sourceTree = SOURCE_ROOT; };
		B259ECFA0FECED6B008401C9 /* TuioManager.h */ = {isa = PBXFileReference; fileEncoding = 4; lastKnownFileType = sourcecode.c.h; name = TuioManager.h; path = ../TUIO/TuioManager.h; sourceTree = SOURCE_ROOT; };
		B26718D81A7FDBBD00F5272B /* WebSockSender.cpp */ = {isa = PBXFileReference; fileEncoding = 4; lastKnownFileType = sourcecode.cpp.cpp; path = WebSockSender.cpp; sourceTree = "<group>"; };
		B26718D91A7FDBBD00F5272B /* WebSockSender.h */ = {isa = PBXFileReference; fileEncoding = 4; lastKnownFileType = sourcecode.c.h; path = WebSockSender.h; sourceTree = "<group>"; };
		B277CA3D0F51BCD900D84853 /* TuioContainer.h */ = {isa = PBXFileReference; fileEncoding = 4; lastKnownFileType = sourcecode.c.h; name = TuioContainer.h; path = ../TUIO/TuioContainer.h; sourceTree = SOURCE_ROOT; };
		B277CA3E0F51BCD900D84853 /* TuioCursor.h */ = {isa = PBXFileReference; fileEncoding = 4; lastKnownFileType = sourcecode.c.h; name = TuioCursor.h; path = ../TUIO/TuioCursor.h; sourceTree = SOURCE_ROOT; };
		B277CA3F0F51BCD900D84853 /* TuioListener.h */ = {isa = PBXFileReference; fileEncoding = 4; lastKnownFileType = sourcecode.c.h; name = TuioListener.h; path = ../TUIO/TuioListener.h; sourceTree = SOURCE_ROOT; };
		B277CA400F51BCD900D84853 /* TuioObject.h */ = {isa = PBXFileReference; fileEncoding = 4; lastKnownFileType = sourcecode.c.h; name = TuioObject.h; path = ../TUIO/TuioObject.h; sourceTree = SOURCE_ROOT; };
		B277CA410F51BCD900D84853 /* TuioPoint.h */ = {isa = PBXFileReference; fileEncoding = 4; lastKnownFileType = sourcecode.c.h; name = TuioPoint.h; path = ../TUIO/TuioPoint.h; sourceTree = SOURCE_ROOT; };
		B277CA420F51BCD900D84853 /* TuioServer.cpp */ = {isa = PBXFileReference; fileEncoding = 4; lastKnownFileType = sourcecode.cpp.cpp; name = TuioServer.cpp; path = ../TUIO/TuioServer.cpp; sourceTree = SOURCE_ROOT; };
		B277CA430F51BCD900D84853 /* TuioServer.h */ = {isa = PBXFileReference; fileEncoding = 4; lastKnownFileType = sourcecode.c.h; name = TuioServer.h; path = ../TUIO/TuioServer.h; sourceTree = SOURCE_ROOT; };
		B277CA440F51BCD900D84853 /* TuioTime.cpp */ = {isa = PBXFileReference; fileEncoding = 4; lastKnownFileType = sourcecode.cpp.cpp; name = TuioTime.cpp; path = ../TUIO/TuioTime.cpp; sourceTree = SOURCE_ROOT; };
		B277CA450F51BCD900D84853 /* TuioTime.h */ = {isa = PBXFileReference; fileEncoding = 4; lastKnownFileType = sourcecode.c.h; name = TuioTime.h; path = ../TUIO/TuioTime.h; sourceTree = SOURCE_ROOT; };
		B2A40EF50F23C8AD00B25A81 /* NetworkingUtils.cpp */ = {isa = PBXFileReference; fileEncoding = 4; lastKnownFileType = sourcecode.cpp.cpp; name = NetworkingUtils.cpp; path = ../oscpack/ip/posix/NetworkingUtils.cpp; sourceTree = SOURCE_ROOT; };
		B2B2FE161CF9CB5C00CD8506 /* SDL2.framework */ = {isa = PBXFileReference; lastKnownFileType = wrapper.framework; name = SDL2.framework; path = /Library/Frameworks/SDL2.framework; sourceTree = "<absolute>"; };
		B2B850881074BFAE00B921E3 /* TuioBlob.cpp */ = {isa = PBXFileReference; fileEncoding = 4; lastKnownFileType = sourcecode.cpp.cpp; name = TuioBlob.cpp; path = ../TUIO/TuioBlob.cpp; sourceTree = SOURCE_ROOT; };
		B2B8508A1074BFD100B921E3 /* TuioContainer.cpp */ = {isa = PBXFileReference; fileEncoding = 4; lastKnownFileType = sourcecode.cpp.cpp; name = TuioContainer.cpp; path = ../TUIO/TuioContainer.cpp; sourceTree = SOURCE_ROOT; };
		B2B8508B1074BFD100B921E3 /* TuioCursor.cpp */ = {isa = PBXFileReference; fileEncoding = 4; lastKnownFileType = sourcecode.cpp.cpp; name = TuioCursor.cpp; path = ../TUIO/TuioCursor.cpp; sourceTree = SOURCE_ROOT; };
		B2B8508E1074BFF000B921E3 /* TuioObject.cpp */ = {isa = PBXFileReference; fileEncoding = 4; lastKnownFileType = sourcecode.cpp.cpp; name = TuioObject.cpp; path = ../TUIO/TuioObject.cpp; sourceTree = SOURCE_ROOT; };
		B2B8508F1074BFF000B921E3 /* TuioPoint.cpp */ = {isa = PBXFileReference; fileEncoding = 4; lastKnownFileType = sourcecode.cpp.cpp; name = TuioPoint.cpp; path = ../TUIO/TuioPoint.cpp; sourceTree = SOURCE_ROOT; };
		B2C2B8B1109067FB00262014 /* TUIO.icns */ = {isa = PBXFileReference; lastKnownFileType = image.icns; path = TUIO.icns; sourceTree = SOURCE_ROOT; };
/* End PBXFileReference section */

/* Begin PBXFrameworksBuildPhase section */
		8D11072E0486CEB800E47090 /* Frameworks */ = {
			isa = PBXFrameworksBuildPhase;
			buildActionMask = 2147483647;
			files = (
				8D11072F0486CEB800E47090 /* Cocoa.framework in Frameworks */,
				B20EE47F0C340E0300026AC5 /* OpenGL.framework in Frameworks */,
				B20EE4830C340E1100026AC5 /* GLUT.framework in Frameworks */,
				B2B2FE171CF9CB5C00CD8506 /* SDL2.framework in Frameworks */,
			);
			runOnlyForDeploymentPostprocessing = 0;
		};
/* End PBXFrameworksBuildPhase section */

/* Begin PBXGroup section */
		080E96DDFE201D6D7F000001 /* Classes */ = {
			isa = PBXGroup;
			children = (
				B22B018C0F51EC4C00AE753B /* SimpleSimulator.cpp */,
				B22B018D0F51EC4C00AE753B /* SimpleSimulator.h */,
				B277CA320F51BCB800D84853 /* TUIO */,
				B20EE4110C340D5B00026AC5 /* oscpack */,
			);
			name = Classes;
			sourceTree = "<group>";
		};
		1058C7A0FEA54F0111CA2CBB /* Linked Frameworks */ = {
			isa = PBXGroup;
			children = (
				B2B2FE161CF9CB5C00CD8506 /* SDL2.framework */,
				B20EE4820C340E1100026AC5 /* GLUT.framework */,
				B20EE47E0C340E0300026AC5 /* OpenGL.framework */,
				1058C7A1FEA54F0111CA2CBB /* Cocoa.framework */,
			);
			name = "Linked Frameworks";
			sourceTree = "<group>";
		};
		1058C7A2FEA54F0111CA2CBB /* Other Frameworks */ = {
			isa = PBXGroup;
			children = (
				29B97324FDCFA39411CA2CEA /* AppKit.framework */,
				29B97325FDCFA39411CA2CEA /* Foundation.framework */,
			);
			name = "Other Frameworks";
			sourceTree = "<group>";
		};
		19C28FACFE9D520D11CA2CBB /* Products */ = {
			isa = PBXGroup;
			children = (
				8D1107320486CEB800E47090 /* SimpleSimulator.app */,
			);
			name = Products;
			sourceTree = "<group>";
		};
		29B97314FDCFA39411CA2CEA /* TUIO_CPP */ = {
			isa = PBXGroup;
			children = (
				080E96DDFE201D6D7F000001 /* Classes */,
				29B97315FDCFA39411CA2CEA /* Other Sources */,
				29B97317FDCFA39411CA2CEA /* Resources */,
				29B97323FDCFA39411CA2CEA /* Frameworks */,
				19C28FACFE9D520D11CA2CBB /* Products */,
			);
			name = TUIO_CPP;
			sourceTree = "<group>";
		};
		29B97315FDCFA39411CA2CEA /* Other Sources */ = {
			isa = PBXGroup;
			children = (
			);
			name = "Other Sources";
			sourceTree = "<group>";
		};
		29B97317FDCFA39411CA2CEA /* Resources */ = {
			isa = PBXGroup;
			children = (
				B2C2B8B1109067FB00262014 /* TUIO.icns */,
				B218B5090FECFE5400BDAC0D /* English.lproj */,
				8D1107310486CEB800E47090 /* SimpleSimulator.plist */,
			);
			name = Resources;
			sourceTree = "<group>";
		};
		29B97323FDCFA39411CA2CEA /* Frameworks */ = {
			isa = PBXGroup;
			children = (
				1058C7A0FEA54F0111CA2CBB /* Linked Frameworks */,
				1058C7A2FEA54F0111CA2CBB /* Other Frameworks */,
			);
			name = Frameworks;
			sourceTree = "<group>";
		};
		B20EE4110C340D5B00026AC5 /* oscpack */ = {
			isa = PBXGroup;
			children = (
				B20EE4130C340D5B00026AC5 /* ip */,
				B20EE4210C340D5B00026AC5 /* osc */,
			);
			name = oscpack;
			path = ../oscpack;
			sourceTree = SOURCE_ROOT;
		};
		B20EE4130C340D5B00026AC5 /* ip */ = {
			isa = PBXGroup;
			children = (
				B20EE4160C340D5B00026AC5 /* NetworkingUtils.h */,
				B20EE4170C340D5B00026AC5 /* PacketListener.h */,
				B20EE4180C340D5B00026AC5 /* posix */,
				B20EE41B0C340D5B00026AC5 /* TimerListener.h */,
				B20EE41C0C340D5B00026AC5 /* UdpSocket.h */,
			);
			name = ip;
			path = ../oscpack/ip;
			sourceTree = SOURCE_ROOT;
		};
		B20EE4180C340D5B00026AC5 /* posix */ = {
			isa = PBXGroup;
			children = (
				B2A40EF50F23C8AD00B25A81 /* NetworkingUtils.cpp */,
				B20EE41A0C340D5B00026AC5 /* UdpSocket.cpp */,
			);
			name = posix;
			path = ../oscpack/ip/posix;
			sourceTree = SOURCE_ROOT;
		};
		B20EE4210C340D5B00026AC5 /* osc */ = {
			isa = PBXGroup;
			children = (
				B20EE4220C340D5B00026AC5 /* MessageMappingOscPacketListener.h */,
				B20EE4230C340D5B00026AC5 /* OscException.h */,
				B20EE4240C340D5B00026AC5 /* OscHostEndianness.h */,
				B20EE4250C340D5B00026AC5 /* OscOutboundPacketStream.cpp */,
				B20EE4260C340D5B00026AC5 /* OscOutboundPacketStream.h */,
				B20EE4270C340D5B00026AC5 /* OscPacketListener.h */,
				B20EE42C0C340D5B00026AC5 /* OscTypes.cpp */,
				B20EE42D0C340D5B00026AC5 /* OscTypes.h */,
			);
			name = osc;
			path = ../oscpack/osc;
			sourceTree = SOURCE_ROOT;
		};
		B218B5090FECFE5400BDAC0D /* English.lproj */ = {
			isa = PBXGroup;
			children = (
				B218B50A0FECFE5400BDAC0D /* InfoPlist.strings */,
			);
			path = English.lproj;
			sourceTree = SOURCE_ROOT;
		};
		B277CA320F51BCB800D84853 /* TUIO */ = {
			isa = PBXGroup;
			children = (
				B21244F61C909CDC00B43572 /* OneEuroFilter.cpp */,
				B21244F71C909CDC00B43572 /* OneEuroFilter.h */,
				B277CA450F51BCD900D84853 /* TuioTime.h */,
				B277CA440F51BCD900D84853 /* TuioTime.cpp */,
				B277CA410F51BCD900D84853 /* TuioPoint.h */,
				B2B8508F1074BFF000B921E3 /* TuioPoint.cpp */,
				B277CA3D0F51BCD900D84853 /* TuioContainer.h */,
				B2B8508A1074BFD100B921E3 /* TuioContainer.cpp */,
				B277CA400F51BCD900D84853 /* TuioObject.h */,
				B2B8508E1074BFF000B921E3 /* TuioObject.cpp */,
				B277CA3E0F51BCD900D84853 /* TuioCursor.h */,
				B2B8508B1074BFD100B921E3 /* TuioCursor.cpp */,
				B259ECF50FECED4F008401C9 /* TuioBlob.h */,
				B2B850881074BFAE00B921E3 /* TuioBlob.cpp */,
				B26718D81A7FDBBD00F5272B /* WebSockSender.cpp */,
				B26718D91A7FDBBD00F5272B /* WebSockSender.h */,
				B24F88821032AF8E0092373A /* FlashSender.cpp */,
				B24F88831032AF8E0092373A /* FlashSender.h */,
				B24F886B1032AC2A0092373A /* TcpSender.cpp */,
				B24F886C1032AC2A0092373A /* TcpSender.h */,
				B24F879D103294930092373A /* UdpSender.cpp */,
				B24F879B103294290092373A /* UdpSender.h */,
				B24F8782103291E60092373A /* OscSender.h */,
				B259ECF90FECED6B008401C9 /* TuioManager.cpp */,
				B259ECFA0FECED6B008401C9 /* TuioManager.h */,
				B259ECF60FECED5D008401C9 /* TuioDispatcher.cpp */,
				B259ECF70FECED5D008401C9 /* TuioDispatcher.h */,
				B277CA3F0F51BCD900D84853 /* TuioListener.h */,
				B277CA420F51BCD900D84853 /* TuioServer.cpp */,
				B277CA430F51BCD900D84853 /* TuioServer.h */,
			);
			name = TUIO;
			path = ../TUIO;
			sourceTree = "<group>";
		};
/* End PBXGroup section */

/* Begin PBXNativeTarget section */
		8D1107260486CEB800E47090 /* SimpleSimulator */ = {
			isa = PBXNativeTarget;
			buildConfigurationList = C01FCF4A08A954540054247B /* Build configuration list for PBXNativeTarget "SimpleSimulator" */;
			buildPhases = (
				8D1107290486CEB800E47090 /* Resources */,
				8D11072C0486CEB800E47090 /* Sources */,
				8D11072E0486CEB800E47090 /* Frameworks */,
				002F39FD09D0883400EBEB88 /* Copy Frameworks into .app bundle */,
			);
			buildRules = (
			);
			dependencies = (
			);
			name = SimpleSimulator;
			productInstallPath = "$(HOME)/Applications";
			productName = TUIO_CPP;
			productReference = 8D1107320486CEB800E47090 /* SimpleSimulator.app */;
			productType = "com.apple.product-type.application";
		};
/* End PBXNativeTarget section */

/* Begin PBXProject section */
		29B97313FDCFA39411CA2CEA /* Project object */ = {
			isa = PBXProject;
			attributes = {
				LastUpgradeCheck = 0730;
			};
			buildConfigurationList = C01FCF4E08A954540054247B /* Build configuration list for PBXProject "SimpleSimulator" */;
			compatibilityVersion = "Xcode 3.2";
			developmentRegion = English;
			hasScannedForEncodings = 1;
			knownRegions = (
				English,
				Japanese,
				French,
				German,
			);
			mainGroup = 29B97314FDCFA39411CA2CEA /* TUIO_CPP */;
			projectDirPath = "";
			projectRoot = "";
			targets = (
				8D1107260486CEB800E47090 /* SimpleSimulator */,
			);
		};
/* End PBXProject section */

/* Begin PBXResourcesBuildPhase section */
		8D1107290486CEB800E47090 /* Resources */ = {
			isa = PBXResourcesBuildPhase;
			buildActionMask = 2147483647;
			files = (
				B218B50C0FECFE5400BDAC0D /* InfoPlist.strings in Resources */,
				B2C2B8B2109067FB00262014 /* TUIO.icns in Resources */,
			);
			runOnlyForDeploymentPostprocessing = 0;
		};
/* End PBXResourcesBuildPhase section */

/* Begin PBXSourcesBuildPhase section */
		8D11072C0486CEB800E47090 /* Sources */ = {
			isa = PBXSourcesBuildPhase;
			buildActionMask = 2147483647;
			files = (
				B20EE4360C340D5B00026AC5 /* UdpSocket.cpp in Sources */,
				B20EE43F0C340D5B00026AC5 /* OscOutboundPacketStream.cpp in Sources */,
				B20EE4460C340D5B00026AC5 /* OscTypes.cpp in Sources */,
				B2A40EF60F23C8AD00B25A81 /* NetworkingUtils.cpp in Sources */,
				B277CA460F51BCD900D84853 /* TuioServer.cpp in Sources */,
				B277CA470F51BCD900D84853 /* TuioTime.cpp in Sources */,
				B26718DA1A7FDBBD00F5272B /* WebSockSender.cpp in Sources */,
				B22B018E0F51EC4C00AE753B /* SimpleSimulator.cpp in Sources */,
				B259ECF80FECED5D008401C9 /* TuioDispatcher.cpp in Sources */,
				B259ECFB0FECED6B008401C9 /* TuioManager.cpp in Sources */,
				B24F879E103294930092373A /* UdpSender.cpp in Sources */,
				B24F886D1032AC2A0092373A /* TcpSender.cpp in Sources */,
				B21244F81C909CDC00B43572 /* OneEuroFilter.cpp in Sources */,
				B24F88841032AF8E0092373A /* FlashSender.cpp in Sources */,
				B2B850891074BFAE00B921E3 /* TuioBlob.cpp in Sources */,
				B2B8508C1074BFD100B921E3 /* TuioContainer.cpp in Sources */,
				B2B8508D1074BFD100B921E3 /* TuioCursor.cpp in Sources */,
				B2B850901074BFF000B921E3 /* TuioObject.cpp in Sources */,
				B2B850911074BFF000B921E3 /* TuioPoint.cpp in Sources */,
			);
			runOnlyForDeploymentPostprocessing = 0;
		};
/* End PBXSourcesBuildPhase section */

/* Begin PBXVariantGroup section */
		B218B50A0FECFE5400BDAC0D /* InfoPlist.strings */ = {
			isa = PBXVariantGroup;
			children = (
				B218B50B0FECFE5400BDAC0D /* English */,
			);
			name = InfoPlist.strings;
			path = English.lproj;
			sourceTree = SOURCE_ROOT;
		};
/* End PBXVariantGroup section */

/* Begin XCBuildConfiguration section */
		C01FCF4B08A954540054247B /* Debug */ = {
			isa = XCBuildConfiguration;
			buildSettings = {
				COPY_PHASE_STRIP = NO;
				FRAMEWORK_SEARCH_PATHS = (
					"$(inherited)",
					"$(LOCAL_LIBRARY_DIR)/Frameworks",
				);
				GCC_DYNAMIC_NO_PIC = NO;
				GCC_ENABLE_FIX_AND_CONTINUE = YES;
				GCC_OPTIMIZATION_LEVEL = 0;
				HEADER_SEARCH_PATHS = (
					"$(HOME)/Library/Frameworks/SDL.framework/Headers",
					/Library/Frameworks/SDL.framework/Headers,
					"$(HEADER_SEARCH_PATHS)",
					../oscpack,
					../,
				);
				INFOPLIST_FILE = SimpleSimulator.plist;
				INSTALL_PATH = "$(HOME)/Applications";
				ONLY_ACTIVE_ARCH = NO;
				PRODUCT_NAME = SimpleSimulator;
				SDKROOT = macosx;
				WRAPPER_EXTENSION = app;
			};
			name = Debug;
		};
		C01FCF4C08A954540054247B /* Release */ = {
			isa = XCBuildConfiguration;
			buildSettings = {
				FRAMEWORK_SEARCH_PATHS = (
					"$(inherited)",
					"$(LOCAL_LIBRARY_DIR)/Frameworks",
				);
				GCC_GENERATE_DEBUGGING_SYMBOLS = NO;
				GCC_MODEL_TUNING = "";
				HEADER_SEARCH_PATHS = (
					"$(HOME)/Library/Frameworks/SDL.framework/Headers",
					/Library/Frameworks/SDL.framework/Headers,
					"$(HEADER_SEARCH_PATHS)",
					../oscpack,
					../,
				);
				INFOPLIST_FILE = SimpleSimulator.plist;
				INSTALL_PATH = "$(HOME)/Applications";
				ONLY_ACTIVE_ARCH = NO;
				PRODUCT_NAME = SimpleSimulator;
				SDKROOT = macosx;
				WRAPPER_EXTENSION = app;
			};
			name = Release;
		};
		C01FCF4F08A954540054247B /* Debug */ = {
			isa = XCBuildConfiguration;
			buildSettings = {
				ENABLE_TESTABILITY = YES;
				FRAMEWORK_SEARCH_PATHS = (
					"$(HOME)/Library/Frameworks",
					/Library/Frameworks,
					"$(FRAMEWORK_SEARCH_PATHS)",
				);
				GCC_C_LANGUAGE_STANDARD = "compiler-default";
				GCC_VERSION = "";
				GCC_WARN_ABOUT_RETURN_TYPE = YES;
				GCC_WARN_PEDANTIC = NO;
				GCC_WARN_UNUSED_VARIABLE = YES;
				HEADER_SEARCH_PATHS = (
					"$(HOME)/Library/Frameworks/SDL.framework/Headers",
					/Library/Frameworks/SDL.framework/Headers,
					"$(HEADER_SEARCH_PATHS)",
				);
				INFOPLIST_FILE = SimpleSimulator.plist;
				MACOSX_DEPLOYMENT_TARGET = 10.6;
				ONLY_ACTIVE_ARCH = YES;
				PRODUCT_NAME = SimpleSimulator;
				SDKROOT = macosx;
			};
			name = Debug;
		};
		C01FCF5008A954540054247B /* Release */ = {
			isa = XCBuildConfiguration;
			buildSettings = {
				FRAMEWORK_SEARCH_PATHS = (
					"$(HOME)/Library/Frameworks",
					/Library/Frameworks,
					"$(FRAMEWORK_SEARCH_PATHS)",
				);
				GCC_C_LANGUAGE_STANDARD = "compiler-default";
				GCC_GENERATE_DEBUGGING_SYMBOLS = NO;
				GCC_UNROLL_LOOPS = YES;
				GCC_VERSION = "";
				GCC_WARN_ABOUT_RETURN_TYPE = YES;
				GCC_WARN_UNUSED_VARIABLE = YES;
				HEADER_SEARCH_PATHS = (
					"$(HOME)/Library/Frameworks/SDL.framework/Headers",
					/Library/Frameworks/SDL.framework/Headers,
					"$(HEADER_SEARCH_PATHS)",
				);
				INFOPLIST_FILE = SimpleSimulator.plist;
				MACOSX_DEPLOYMENT_TARGET = 10.6;
				PRECOMPS_INCLUDE_HEADERS_FROM_BUILT_PRODUCTS_DIR = YES;
				PRODUCT_NAME = SimpleSimulator;
				SDKROOT = macosx;
			};
			name = Release;
		};
/* End XCBuildConfiguration section */

/* Begin XCConfigurationList section */
		C01FCF4A08A954540054247B /* Build configuration list for PBXNativeTarget "SimpleSimulator" */ = {
			isa = XCConfigurationList;
			buildConfigurations = (
				C01FCF4B08A954540054247B /* Debug */,
				C01FCF4C08A954540054247B /* Release */,
			);
			defaultConfigurationIsVisible = 0;
			defaultConfigurationName = Release;
		};
		C01FCF4E08A954540054247B /* Build configuration list for PBXProject "SimpleSimulator" */ = {
			isa = XCConfigurationList;
			buildConfigurations = (
				C01FCF4F08A954540054247B /* Debug */,
				C01FCF5008A954540054247B /* Release */,
			);
			defaultConfigurationIsVisible = 0;
			defaultConfigurationName = Release;
		};
/* End XCConfigurationList section */
	};
	rootObject = 29B97313FDCFA39411CA2CEA /* Project object */;
}
